// !$*UTF8*$!
{
	archiveVersion = 1;
	classes = {
	};
	objectVersion = 55;
	objects = {

/* Begin PBXBuildFile section */
		FA35F12828AD7DD500632205 /* UIImageViewLoader.swift in Sources */ = {isa = PBXBuildFile; fileRef = FA35F12728AD7DD500632205 /* UIImageViewLoader.swift */; };
		FA35F12A28AD804700632205 /* Endpoint.swift in Sources */ = {isa = PBXBuildFile; fileRef = FA35F12928AD804700632205 /* Endpoint.swift */; };
		FA35F12C28AD806200632205 /* DataLoader.swift in Sources */ = {isa = PBXBuildFile; fileRef = FA35F12B28AD806200632205 /* DataLoader.swift */; };
		FA567B5028B170240033B58D /* LocationItemCell.swift in Sources */ = {isa = PBXBuildFile; fileRef = FA567B4F28B170240033B58D /* LocationItemCell.swift */; };
		FA567B5228B171CA0033B58D /* LocationsViewController.swift in Sources */ = {isa = PBXBuildFile; fileRef = FA567B5128B171CA0033B58D /* LocationsViewController.swift */; };
		FA567B5428B172320033B58D /* GetLocationsInteractor.swift in Sources */ = {isa = PBXBuildFile; fileRef = FA567B5328B172320033B58D /* GetLocationsInteractor.swift */; };
		FA567B5628B17D0F0033B58D /* GetCurrentWeatherInteractor.swift in Sources */ = {isa = PBXBuildFile; fileRef = FA567B5528B17D0F0033B58D /* GetCurrentWeatherInteractor.swift */; };
		FA83BFFF28AAD9F500D4B023 /* WeatherData.swift in Sources */ = {isa = PBXBuildFile; fileRef = FA83BFFE28AAD9F500D4B023 /* WeatherData.swift */; };
		FA83C00128AADA1E00D4B023 /* Location.swift in Sources */ = {isa = PBXBuildFile; fileRef = FA83C00028AADA1E00D4B023 /* Location.swift */; };
		FA8DD88128B23C73003D72BB /* MapKit.framework in Frameworks */ = {isa = PBXBuildFile; fileRef = FA8DD88028B23C73003D72BB /* MapKit.framework */; };
		FA8DD88328B23D1E003D72BB /* MapViewController.swift in Sources */ = {isa = PBXBuildFile; fileRef = FA8DD88228B23D1E003D72BB /* MapViewController.swift */; };
		FA8DD88528B245EE003D72BB /* AddLocationInteractor.swift in Sources */ = {isa = PBXBuildFile; fileRef = FA8DD88428B245EE003D72BB /* AddLocationInteractor.swift */; };
		FA8DD88A28B28FBB003D72BB /* Realm in Frameworks */ = {isa = PBXBuildFile; productRef = FA8DD88928B28FBB003D72BB /* Realm */; };
		FA8DD88C28B28FBB003D72BB /* RealmSwift in Frameworks */ = {isa = PBXBuildFile; productRef = FA8DD88B28B28FBB003D72BB /* RealmSwift */; };
		FA8DD88E28B2EAEB003D72BB /* ErrorMessageView.xib in Resources */ = {isa = PBXBuildFile; fileRef = FA8DD88D28B2EAEB003D72BB /* ErrorMessageView.xib */; };
		FA8DD89028B2ED29003D72BB /* ErrorMessageView.swift in Sources */ = {isa = PBXBuildFile; fileRef = FA8DD88F28B2ED29003D72BB /* ErrorMessageView.swift */; };
		FAA4463128B0AC6D001E8D2B /* DayForecastTableViewCell.swift in Sources */ = {isa = PBXBuildFile; fileRef = FAA4462F28B0AC6D001E8D2B /* DayForecastTableViewCell.swift */; };
		FAA4463628B0AEA8001E8D2B /* CurrentWeatherTableViewCell.swift in Sources */ = {isa = PBXBuildFile; fileRef = FAA4463428B0AEA8001E8D2B /* CurrentWeatherTableViewCell.swift */; };
		FAA4463A28B0B0D2001E8D2B /* DailyForecastViewController.swift in Sources */ = {isa = PBXBuildFile; fileRef = FAA4463928B0B0D2001E8D2B /* DailyForecastViewController.swift */; };
		FAA4463D28B0C44A001E8D2B /* Ext.swift in Sources */ = {isa = PBXBuildFile; fileRef = FAA4463C28B0C44A001E8D2B /* Ext.swift */; };
		FAA4463F28B0CAE0001E8D2B /* ForecastDetailViewController.swift in Sources */ = {isa = PBXBuildFile; fileRef = FAA4463E28B0CAE0001E8D2B /* ForecastDetailViewController.swift */; };
		FAA4464128B0D909001E8D2B /* ForecastDetailItemCell.swift in Sources */ = {isa = PBXBuildFile; fileRef = FAA4464028B0D909001E8D2B /* ForecastDetailItemCell.swift */; };
		FAB24B2B28B4354F00B4EBA4 /* RemoveLocationInteractor.swift in Sources */ = {isa = PBXBuildFile; fileRef = FAB24B2A28B4354F00B4EBA4 /* RemoveLocationInteractor.swift */; };
		FAB3A90028B102F9005ACF02 /* ForecastSummaryItemCell.swift in Sources */ = {isa = PBXBuildFile; fileRef = FAB3A8FF28B102F9005ACF02 /* ForecastSummaryItemCell.swift */; };
		FABABCC928A995EC009BB4CD /* AppDelegate.swift in Sources */ = {isa = PBXBuildFile; fileRef = FABABCC828A995EC009BB4CD /* AppDelegate.swift */; };
		FABABCCB28A995EC009BB4CD /* SceneDelegate.swift in Sources */ = {isa = PBXBuildFile; fileRef = FABABCCA28A995EC009BB4CD /* SceneDelegate.swift */; };
		FABABCD028A995EC009BB4CD /* Main.storyboard in Resources */ = {isa = PBXBuildFile; fileRef = FABABCCE28A995EC009BB4CD /* Main.storyboard */; };
		FABABCD228A995ED009BB4CD /* Assets.xcassets in Resources */ = {isa = PBXBuildFile; fileRef = FABABCD128A995ED009BB4CD /* Assets.xcassets */; };
		FABABCD528A995ED009BB4CD /* LaunchScreen.storyboard in Resources */ = {isa = PBXBuildFile; fileRef = FABABCD328A995ED009BB4CD /* LaunchScreen.storyboard */; };
		FAF7B32628AC1F2E00B89951 /* GetDailyForecastInteractor.swift in Sources */ = {isa = PBXBuildFile; fileRef = FAF7B32528AC1F2E00B89951 /* GetDailyForecastInteractor.swift */; };
/* End PBXBuildFile section */

/* Begin PBXFileReference section */
		FA35F12728AD7DD500632205 /* UIImageViewLoader.swift */ = {isa = PBXFileReference; lastKnownFileType = sourcecode.swift; path = UIImageViewLoader.swift; sourceTree = "<group>"; };
		FA35F12928AD804700632205 /* Endpoint.swift */ = {isa = PBXFileReference; lastKnownFileType = sourcecode.swift; path = Endpoint.swift; sourceTree = "<group>"; };
		FA35F12B28AD806200632205 /* DataLoader.swift */ = {isa = PBXFileReference; lastKnownFileType = sourcecode.swift; path = DataLoader.swift; sourceTree = "<group>"; };
		FA567B4F28B170240033B58D /* LocationItemCell.swift */ = {isa = PBXFileReference; lastKnownFileType = sourcecode.swift; path = LocationItemCell.swift; sourceTree = "<group>"; };
		FA567B5128B171CA0033B58D /* LocationsViewController.swift */ = {isa = PBXFileReference; lastKnownFileType = sourcecode.swift; path = LocationsViewController.swift; sourceTree = "<group>"; };
		FA567B5328B172320033B58D /* GetLocationsInteractor.swift */ = {isa = PBXFileReference; lastKnownFileType = sourcecode.swift; path = GetLocationsInteractor.swift; sourceTree = "<group>"; };
		FA567B5528B17D0F0033B58D /* GetCurrentWeatherInteractor.swift */ = {isa = PBXFileReference; lastKnownFileType = sourcecode.swift; path = GetCurrentWeatherInteractor.swift; sourceTree = "<group>"; };
		FA83BFFE28AAD9F500D4B023 /* WeatherData.swift */ = {isa = PBXFileReference; lastKnownFileType = sourcecode.swift; path = WeatherData.swift; sourceTree = "<group>"; };
		FA83C00028AADA1E00D4B023 /* Location.swift */ = {isa = PBXFileReference; lastKnownFileType = sourcecode.swift; path = Location.swift; sourceTree = "<group>"; };
		FA8DD88028B23C73003D72BB /* MapKit.framework */ = {isa = PBXFileReference; lastKnownFileType = wrapper.framework; name = MapKit.framework; path = System/Library/Frameworks/MapKit.framework; sourceTree = SDKROOT; };
		FA8DD88228B23D1E003D72BB /* MapViewController.swift */ = {isa = PBXFileReference; lastKnownFileType = sourcecode.swift; path = MapViewController.swift; sourceTree = "<group>"; };
		FA8DD88428B245EE003D72BB /* AddLocationInteractor.swift */ = {isa = PBXFileReference; lastKnownFileType = sourcecode.swift; path = AddLocationInteractor.swift; sourceTree = "<group>"; };
		FA8DD88D28B2EAEB003D72BB /* ErrorMessageView.xib */ = {isa = PBXFileReference; lastKnownFileType = file.xib; path = ErrorMessageView.xib; sourceTree = "<group>"; };
		FA8DD88F28B2ED29003D72BB /* ErrorMessageView.swift */ = {isa = PBXFileReference; lastKnownFileType = sourcecode.swift; path = ErrorMessageView.swift; sourceTree = "<group>"; };
		FAA4462F28B0AC6D001E8D2B /* DayForecastTableViewCell.swift */ = {isa = PBXFileReference; lastKnownFileType = sourcecode.swift; path = DayForecastTableViewCell.swift; sourceTree = "<group>"; };
		FAA4463428B0AEA8001E8D2B /* CurrentWeatherTableViewCell.swift */ = {isa = PBXFileReference; lastKnownFileType = sourcecode.swift; path = CurrentWeatherTableViewCell.swift; sourceTree = "<group>"; };
		FAA4463928B0B0D2001E8D2B /* DailyForecastViewController.swift */ = {isa = PBXFileReference; lastKnownFileType = sourcecode.swift; path = DailyForecastViewController.swift; sourceTree = "<group>"; };
		FAA4463C28B0C44A001E8D2B /* Ext.swift */ = {isa = PBXFileReference; lastKnownFileType = sourcecode.swift; path = Ext.swift; sourceTree = "<group>"; };
		FAA4463E28B0CAE0001E8D2B /* ForecastDetailViewController.swift */ = {isa = PBXFileReference; lastKnownFileType = sourcecode.swift; path = ForecastDetailViewController.swift; sourceTree = "<group>"; };
		FAA4464028B0D909001E8D2B /* ForecastDetailItemCell.swift */ = {isa = PBXFileReference; lastKnownFileType = sourcecode.swift; path = ForecastDetailItemCell.swift; sourceTree = "<group>"; };
		FAB24B2A28B4354F00B4EBA4 /* RemoveLocationInteractor.swift */ = {isa = PBXFileReference; lastKnownFileType = sourcecode.swift; path = RemoveLocationInteractor.swift; sourceTree = "<group>"; };
		FAB3A8FF28B102F9005ACF02 /* ForecastSummaryItemCell.swift */ = {isa = PBXFileReference; lastKnownFileType = sourcecode.swift; path = ForecastSummaryItemCell.swift; sourceTree = "<group>"; };
		FABABCC528A995EC009BB4CD /* Weather.app */ = {isa = PBXFileReference; explicitFileType = wrapper.application; includeInIndex = 0; path = Weather.app; sourceTree = BUILT_PRODUCTS_DIR; };
		FABABCC828A995EC009BB4CD /* AppDelegate.swift */ = {isa = PBXFileReference; lastKnownFileType = sourcecode.swift; path = AppDelegate.swift; sourceTree = "<group>"; };
		FABABCCA28A995EC009BB4CD /* SceneDelegate.swift */ = {isa = PBXFileReference; lastKnownFileType = sourcecode.swift; path = SceneDelegate.swift; sourceTree = "<group>"; };
		FABABCCF28A995EC009BB4CD /* Base */ = {isa = PBXFileReference; lastKnownFileType = file.storyboard; name = Base; path = Base.lproj/Main.storyboard; sourceTree = "<group>"; };
		FABABCD128A995ED009BB4CD /* Assets.xcassets */ = {isa = PBXFileReference; lastKnownFileType = folder.assetcatalog; path = Assets.xcassets; sourceTree = "<group>"; };
		FABABCD428A995ED009BB4CD /* Base */ = {isa = PBXFileReference; lastKnownFileType = file.storyboard; name = Base; path = Base.lproj/LaunchScreen.storyboard; sourceTree = "<group>"; };
		FABABCD628A995ED009BB4CD /* Info.plist */ = {isa = PBXFileReference; lastKnownFileType = text.plist.xml; path = Info.plist; sourceTree = "<group>"; };
		FABABCDC28A9961B009BB4CD /* ru */ = {isa = PBXFileReference; lastKnownFileType = text.plist.strings; name = ru; path = ru.lproj/Main.strings; sourceTree = "<group>"; };
		FABABCDD28A9961B009BB4CD /* ru */ = {isa = PBXFileReference; lastKnownFileType = text.plist.strings; name = ru; path = ru.lproj/LaunchScreen.strings; sourceTree = "<group>"; };
		FAF7B32528AC1F2E00B89951 /* GetDailyForecastInteractor.swift */ = {isa = PBXFileReference; lastKnownFileType = sourcecode.swift; path = GetDailyForecastInteractor.swift; sourceTree = "<group>"; };
/* End PBXFileReference section */

/* Begin PBXFrameworksBuildPhase section */
		FABABCC228A995EC009BB4CD /* Frameworks */ = {
			isa = PBXFrameworksBuildPhase;
			buildActionMask = 2147483647;
			files = (
				FA8DD88C28B28FBB003D72BB /* RealmSwift in Frameworks */,
				FA8DD88A28B28FBB003D72BB /* Realm in Frameworks */,
				FA8DD88128B23C73003D72BB /* MapKit.framework in Frameworks */,
			);
			runOnlyForDeploymentPostprocessing = 0;
		};
/* End PBXFrameworksBuildPhase section */

/* Begin PBXGroup section */
		FA35F12628AD7DCE00632205 /* Utils */ = {
			isa = PBXGroup;
			children = (
				FA35F12728AD7DD500632205 /* UIImageViewLoader.swift */,
				FA35F12B28AD806200632205 /* DataLoader.swift */,
				FAA4463C28B0C44A001E8D2B /* Ext.swift */,
			);
			path = Utils;
			sourceTree = "<group>";
		};
		FA83BFFD28AAD9E500D4B023 /* Models */ = {
			isa = PBXGroup;
			children = (
				FA35F12928AD804700632205 /* Endpoint.swift */,
				FA83BFFE28AAD9F500D4B023 /* WeatherData.swift */,
				FA83C00028AADA1E00D4B023 /* Location.swift */,
			);
			path = Models;
			sourceTree = "<group>";
		};
		FA8DD87F28B23C73003D72BB /* Frameworks */ = {
			isa = PBXGroup;
			children = (
				FA8DD88028B23C73003D72BB /* MapKit.framework */,
			);
			name = Frameworks;
			sourceTree = "<group>";
		};
		FAA4462828B02063001E8D2B /* Cells */ = {
			isa = PBXGroup;
			children = (
				FA8DD88D28B2EAEB003D72BB /* ErrorMessageView.xib */,
				FAA4463428B0AEA8001E8D2B /* CurrentWeatherTableViewCell.swift */,
				FAA4462F28B0AC6D001E8D2B /* DayForecastTableViewCell.swift */,
				FAA4464028B0D909001E8D2B /* ForecastDetailItemCell.swift */,
				FAB3A8FF28B102F9005ACF02 /* ForecastSummaryItemCell.swift */,
				FA567B4F28B170240033B58D /* LocationItemCell.swift */,
				FA8DD88F28B2ED29003D72BB /* ErrorMessageView.swift */,
			);
			path = Cells;
			sourceTree = "<group>";
		};
		FAA4463828B0B0B4001E8D2B /* ViewControllers */ = {
			isa = PBXGroup;
			children = (
				FAA4463928B0B0D2001E8D2B /* DailyForecastViewController.swift */,
				FAA4463E28B0CAE0001E8D2B /* ForecastDetailViewController.swift */,
				FA567B5128B171CA0033B58D /* LocationsViewController.swift */,
				FA8DD88228B23D1E003D72BB /* MapViewController.swift */,
			);
			path = ViewControllers;
			sourceTree = "<group>";
		};
		FABABCBC28A995EC009BB4CD = {
			isa = PBXGroup;
			children = (
				FABABCC728A995EC009BB4CD /* Weather */,
				FABABCC628A995EC009BB4CD /* Products */,
				FA8DD87F28B23C73003D72BB /* Frameworks */,
			);
			sourceTree = "<group>";
		};
		FABABCC628A995EC009BB4CD /* Products */ = {
			isa = PBXGroup;
			children = (
				FABABCC528A995EC009BB4CD /* Weather.app */,
			);
			name = Products;
			sourceTree = "<group>";
		};
		FABABCC728A995EC009BB4CD /* Weather */ = {
			isa = PBXGroup;
			children = (
				FAA4463828B0B0B4001E8D2B /* ViewControllers */,
				FAA4462828B02063001E8D2B /* Cells */,
				FA35F12628AD7DCE00632205 /* Utils */,
				FAF7B32428AC1F1D00B89951 /* Interactors */,
				FA83BFFD28AAD9E500D4B023 /* Models */,
				FABABCC828A995EC009BB4CD /* AppDelegate.swift */,
				FABABCCA28A995EC009BB4CD /* SceneDelegate.swift */,
				FABABCCE28A995EC009BB4CD /* Main.storyboard */,
				FABABCD128A995ED009BB4CD /* Assets.xcassets */,
				FABABCD328A995ED009BB4CD /* LaunchScreen.storyboard */,
				FABABCD628A995ED009BB4CD /* Info.plist */,
			);
			path = Weather;
			sourceTree = "<group>";
		};
		FAF7B32428AC1F1D00B89951 /* Interactors */ = {
			isa = PBXGroup;
			children = (
				FAF7B32528AC1F2E00B89951 /* GetDailyForecastInteractor.swift */,
				FA567B5328B172320033B58D /* GetLocationsInteractor.swift */,
				FA567B5528B17D0F0033B58D /* GetCurrentWeatherInteractor.swift */,
				FA8DD88428B245EE003D72BB /* AddLocationInteractor.swift */,
				FAB24B2A28B4354F00B4EBA4 /* RemoveLocationInteractor.swift */,
			);
			path = Interactors;
			sourceTree = "<group>";
		};
/* End PBXGroup section */

/* Begin PBXNativeTarget section */
		FABABCC428A995EC009BB4CD /* Weather */ = {
			isa = PBXNativeTarget;
			buildConfigurationList = FABABCD928A995ED009BB4CD /* Build configuration list for PBXNativeTarget "Weather" */;
			buildPhases = (
				FABABCC128A995EC009BB4CD /* Sources */,
				FABABCC228A995EC009BB4CD /* Frameworks */,
				FABABCC328A995EC009BB4CD /* Resources */,
			);
			buildRules = (
			);
			dependencies = (
			);
			name = Weather;
			packageProductDependencies = (
				FA8DD88928B28FBB003D72BB /* Realm */,
				FA8DD88B28B28FBB003D72BB /* RealmSwift */,
			);
			productName = Weather;
			productReference = FABABCC528A995EC009BB4CD /* Weather.app */;
			productType = "com.apple.product-type.application";
		};
/* End PBXNativeTarget section */

/* Begin PBXProject section */
		FABABCBD28A995EC009BB4CD /* Project object */ = {
			isa = PBXProject;
			attributes = {
				BuildIndependentTargetsInParallel = 1;
				LastSwiftUpdateCheck = 1340;
				LastUpgradeCheck = 1340;
				TargetAttributes = {
					FABABCC428A995EC009BB4CD = {
						CreatedOnToolsVersion = 13.4.1;
					};
				};
			};
			buildConfigurationList = FABABCC028A995EC009BB4CD /* Build configuration list for PBXProject "Weather" */;
			compatibilityVersion = "Xcode 13.0";
			developmentRegion = en;
			hasScannedForEncodings = 0;
			knownRegions = (
				en,
				Base,
				ru,
			);
			mainGroup = FABABCBC28A995EC009BB4CD;
			packageReferences = (
				FA8DD88828B28FBB003D72BB /* XCRemoteSwiftPackageReference "realm-swift" */,
			);
			productRefGroup = FABABCC628A995EC009BB4CD /* Products */;
			projectDirPath = "";
			projectRoot = "";
			targets = (
				FABABCC428A995EC009BB4CD /* Weather */,
			);
		};
/* End PBXProject section */

/* Begin PBXResourcesBuildPhase section */
		FABABCC328A995EC009BB4CD /* Resources */ = {
			isa = PBXResourcesBuildPhase;
			buildActionMask = 2147483647;
			files = (
				FABABCD528A995ED009BB4CD /* LaunchScreen.storyboard in Resources */,
				FABABCD228A995ED009BB4CD /* Assets.xcassets in Resources */,
				FABABCD028A995EC009BB4CD /* Main.storyboard in Resources */,
				FA8DD88E28B2EAEB003D72BB /* ErrorMessageView.xib in Resources */,
			);
			runOnlyForDeploymentPostprocessing = 0;
		};
/* End PBXResourcesBuildPhase section */

/* Begin PBXSourcesBuildPhase section */
		FABABCC128A995EC009BB4CD /* Sources */ = {
			isa = PBXSourcesBuildPhase;
			buildActionMask = 2147483647;
			files = (
				FA83C00128AADA1E00D4B023 /* Location.swift in Sources */,
				FA567B5628B17D0F0033B58D /* GetCurrentWeatherInteractor.swift in Sources */,
				FA35F12A28AD804700632205 /* Endpoint.swift in Sources */,
				FAB24B2B28B4354F00B4EBA4 /* RemoveLocationInteractor.swift in Sources */,
				FA8DD88328B23D1E003D72BB /* MapViewController.swift in Sources */,
				FA567B5228B171CA0033B58D /* LocationsViewController.swift in Sources */,
				FABABCC928A995EC009BB4CD /* AppDelegate.swift in Sources */,
				FAA4463128B0AC6D001E8D2B /* DayForecastTableViewCell.swift in Sources */,
				FA83BFFF28AAD9F500D4B023 /* WeatherData.swift in Sources */,
				FAF7B32628AC1F2E00B89951 /* GetDailyForecastInteractor.swift in Sources */,
				FAB3A90028B102F9005ACF02 /* ForecastSummaryItemCell.swift in Sources */,
				FAA4463A28B0B0D2001E8D2B /* DailyForecastViewController.swift in Sources */,
				FA8DD88528B245EE003D72BB /* AddLocationInteractor.swift in Sources */,
				FABABCCB28A995EC009BB4CD /* SceneDelegate.swift in Sources */,
				FA8DD89028B2ED29003D72BB /* ErrorMessageView.swift in Sources */,
				FA567B5028B170240033B58D /* LocationItemCell.swift in Sources */,
				FAA4463F28B0CAE0001E8D2B /* ForecastDetailViewController.swift in Sources */,
				FAA4464128B0D909001E8D2B /* ForecastDetailItemCell.swift in Sources */,
				FAA4463628B0AEA8001E8D2B /* CurrentWeatherTableViewCell.swift in Sources */,
				FA35F12828AD7DD500632205 /* UIImageViewLoader.swift in Sources */,
				FA35F12C28AD806200632205 /* DataLoader.swift in Sources */,
				FA567B5428B172320033B58D /* GetLocationsInteractor.swift in Sources */,
				FAA4463D28B0C44A001E8D2B /* Ext.swift in Sources */,
			);
			runOnlyForDeploymentPostprocessing = 0;
		};
/* End PBXSourcesBuildPhase section */

/* Begin PBXVariantGroup section */
		FABABCCE28A995EC009BB4CD /* Main.storyboard */ = {
			isa = PBXVariantGroup;
			children = (
				FABABCCF28A995EC009BB4CD /* Base */,
				FABABCDC28A9961B009BB4CD /* ru */,
			);
			name = Main.storyboard;
			sourceTree = "<group>";
		};
		FABABCD328A995ED009BB4CD /* LaunchScreen.storyboard */ = {
			isa = PBXVariantGroup;
			children = (
				FABABCD428A995ED009BB4CD /* Base */,
				FABABCDD28A9961B009BB4CD /* ru */,
			);
			name = LaunchScreen.storyboard;
			sourceTree = "<group>";
		};
/* End PBXVariantGroup section */

/* Begin XCBuildConfiguration section */
		FABABCD728A995ED009BB4CD /* Debug */ = {
			isa = XCBuildConfiguration;
			buildSettings = {
				ALWAYS_SEARCH_USER_PATHS = NO;
				CLANG_ANALYZER_LOCALIZABILITY_NONLOCALIZED = YES;
				CLANG_ANALYZER_NONNULL = YES;
				CLANG_ANALYZER_NUMBER_OBJECT_CONVERSION = YES_AGGRESSIVE;
				CLANG_CXX_LANGUAGE_STANDARD = "gnu++17";
				CLANG_ENABLE_MODULES = YES;
				CLANG_ENABLE_OBJC_ARC = YES;
				CLANG_ENABLE_OBJC_WEAK = YES;
				CLANG_WARN_BLOCK_CAPTURE_AUTORELEASING = YES;
				CLANG_WARN_BOOL_CONVERSION = YES;
				CLANG_WARN_COMMA = YES;
				CLANG_WARN_CONSTANT_CONVERSION = YES;
				CLANG_WARN_DEPRECATED_OBJC_IMPLEMENTATIONS = YES;
				CLANG_WARN_DIRECT_OBJC_ISA_USAGE = YES_ERROR;
				CLANG_WARN_DOCUMENTATION_COMMENTS = YES;
				CLANG_WARN_EMPTY_BODY = YES;
				CLANG_WARN_ENUM_CONVERSION = YES;
				CLANG_WARN_INFINITE_RECURSION = YES;
				CLANG_WARN_INT_CONVERSION = YES;
				CLANG_WARN_NON_LITERAL_NULL_CONVERSION = YES;
				CLANG_WARN_OBJC_IMPLICIT_RETAIN_SELF = YES;
				CLANG_WARN_OBJC_LITERAL_CONVERSION = YES;
				CLANG_WARN_OBJC_ROOT_CLASS = YES_ERROR;
				CLANG_WARN_QUOTED_INCLUDE_IN_FRAMEWORK_HEADER = YES;
				CLANG_WARN_RANGE_LOOP_ANALYSIS = YES;
				CLANG_WARN_STRICT_PROTOTYPES = YES;
				CLANG_WARN_SUSPICIOUS_MOVE = YES;
				CLANG_WARN_UNGUARDED_AVAILABILITY = YES_AGGRESSIVE;
				CLANG_WARN_UNREACHABLE_CODE = YES;
				CLANG_WARN__DUPLICATE_METHOD_MATCH = YES;
				COPY_PHASE_STRIP = NO;
				DEBUG_INFORMATION_FORMAT = dwarf;
				ENABLE_STRICT_OBJC_MSGSEND = YES;
				ENABLE_TESTABILITY = YES;
				GCC_C_LANGUAGE_STANDARD = gnu11;
				GCC_DYNAMIC_NO_PIC = NO;
				GCC_NO_COMMON_BLOCKS = YES;
				GCC_OPTIMIZATION_LEVEL = 0;
				GCC_PREPROCESSOR_DEFINITIONS = (
					"DEBUG=1",
					"$(inherited)",
				);
				GCC_WARN_64_TO_32_BIT_CONVERSION = YES;
				GCC_WARN_ABOUT_RETURN_TYPE = YES_ERROR;
				GCC_WARN_UNDECLARED_SELECTOR = YES;
				GCC_WARN_UNINITIALIZED_AUTOS = YES_AGGRESSIVE;
				GCC_WARN_UNUSED_FUNCTION = YES;
				GCC_WARN_UNUSED_VARIABLE = YES;
				IPHONEOS_DEPLOYMENT_TARGET = 14.0;
				MTL_ENABLE_DEBUG_INFO = INCLUDE_SOURCE;
				MTL_FAST_MATH = YES;
				ONLY_ACTIVE_ARCH = YES;
				SDKROOT = iphoneos;
				SWIFT_ACTIVE_COMPILATION_CONDITIONS = DEBUG;
				SWIFT_OPTIMIZATION_LEVEL = "-Onone";
			};
			name = Debug;
		};
		FABABCD828A995ED009BB4CD /* Release */ = {
			isa = XCBuildConfiguration;
			buildSettings = {
				ALWAYS_SEARCH_USER_PATHS = NO;
				CLANG_ANALYZER_LOCALIZABILITY_NONLOCALIZED = YES;
				CLANG_ANALYZER_NONNULL = YES;
				CLANG_ANALYZER_NUMBER_OBJECT_CONVERSION = YES_AGGRESSIVE;
				CLANG_CXX_LANGUAGE_STANDARD = "gnu++17";
				CLANG_ENABLE_MODULES = YES;
				CLANG_ENABLE_OBJC_ARC = YES;
				CLANG_ENABLE_OBJC_WEAK = YES;
				CLANG_WARN_BLOCK_CAPTURE_AUTORELEASING = YES;
				CLANG_WARN_BOOL_CONVERSION = YES;
				CLANG_WARN_COMMA = YES;
				CLANG_WARN_CONSTANT_CONVERSION = YES;
				CLANG_WARN_DEPRECATED_OBJC_IMPLEMENTATIONS = YES;
				CLANG_WARN_DIRECT_OBJC_ISA_USAGE = YES_ERROR;
				CLANG_WARN_DOCUMENTATION_COMMENTS = YES;
				CLANG_WARN_EMPTY_BODY = YES;
				CLANG_WARN_ENUM_CONVERSION = YES;
				CLANG_WARN_INFINITE_RECURSION = YES;
				CLANG_WARN_INT_CONVERSION = YES;
				CLANG_WARN_NON_LITERAL_NULL_CONVERSION = YES;
				CLANG_WARN_OBJC_IMPLICIT_RETAIN_SELF = YES;
				CLANG_WARN_OBJC_LITERAL_CONVERSION = YES;
				CLANG_WARN_OBJC_ROOT_CLASS = YES_ERROR;
				CLANG_WARN_QUOTED_INCLUDE_IN_FRAMEWORK_HEADER = YES;
				CLANG_WARN_RANGE_LOOP_ANALYSIS = YES;
				CLANG_WARN_STRICT_PROTOTYPES = YES;
				CLANG_WARN_SUSPICIOUS_MOVE = YES;
				CLANG_WARN_UNGUARDED_AVAILABILITY = YES_AGGRESSIVE;
				CLANG_WARN_UNREACHABLE_CODE = YES;
				CLANG_WARN__DUPLICATE_METHOD_MATCH = YES;
				COPY_PHASE_STRIP = NO;
				DEBUG_INFORMATION_FORMAT = "dwarf-with-dsym";
				ENABLE_NS_ASSERTIONS = NO;
				ENABLE_STRICT_OBJC_MSGSEND = YES;
				GCC_C_LANGUAGE_STANDARD = gnu11;
				GCC_NO_COMMON_BLOCKS = YES;
				GCC_WARN_64_TO_32_BIT_CONVERSION = YES;
				GCC_WARN_ABOUT_RETURN_TYPE = YES_ERROR;
				GCC_WARN_UNDECLARED_SELECTOR = YES;
				GCC_WARN_UNINITIALIZED_AUTOS = YES_AGGRESSIVE;
				GCC_WARN_UNUSED_FUNCTION = YES;
				GCC_WARN_UNUSED_VARIABLE = YES;
				IPHONEOS_DEPLOYMENT_TARGET = 14.0;
				MTL_ENABLE_DEBUG_INFO = NO;
				MTL_FAST_MATH = YES;
				SDKROOT = iphoneos;
				SWIFT_COMPILATION_MODE = wholemodule;
				SWIFT_OPTIMIZATION_LEVEL = "-O";
				VALIDATE_PRODUCT = YES;
			};
			name = Release;
		};
		FABABCDA28A995ED009BB4CD /* Debug */ = {
			isa = XCBuildConfiguration;
			buildSettings = {
				ASSETCATALOG_COMPILER_APPICON_NAME = AppIcon;
				ASSETCATALOG_COMPILER_GLOBAL_ACCENT_COLOR_NAME = AccentColor;
				CODE_SIGN_STYLE = Automatic;
				CURRENT_PROJECT_VERSION = 1;
				DEVELOPMENT_TEAM = LLR687MPNJ;
				GENERATE_INFOPLIST_FILE = YES;
				INFOPLIST_FILE = Weather/Info.plist;
				INFOPLIST_KEY_UIApplicationSupportsIndirectInputEvents = YES;
				INFOPLIST_KEY_UILaunchStoryboardName = LaunchScreen;
				INFOPLIST_KEY_UIMainStoryboardFile = Main;
				INFOPLIST_KEY_UISupportedInterfaceOrientations_iPad = "UIInterfaceOrientationPortrait UIInterfaceOrientationPortraitUpsideDown UIInterfaceOrientationLandscapeLeft UIInterfaceOrientationLandscapeRight";
				INFOPLIST_KEY_UISupportedInterfaceOrientations_iPhone = "UIInterfaceOrientationPortrait UIInterfaceOrientationLandscapeLeft UIInterfaceOrientationLandscapeRight";
				LD_RUNPATH_SEARCH_PATHS = (
					"$(inherited)",
					"@executable_path/Frameworks",
				);
				MARKETING_VERSION = 1.0;
				PRODUCT_BUNDLE_IDENTIFIER = "com.axel-stein.Weather";
				PRODUCT_NAME = "$(TARGET_NAME)";
				SWIFT_EMIT_LOC_STRINGS = YES;
				SWIFT_VERSION = 5.0;
				TARGETED_DEVICE_FAMILY = "1,2";
			};
			name = Debug;
		};
		FABABCDB28A995ED009BB4CD /* Release */ = {
			isa = XCBuildConfiguration;
			buildSettings = {
				ASSETCATALOG_COMPILER_APPICON_NAME = AppIcon;
				ASSETCATALOG_COMPILER_GLOBAL_ACCENT_COLOR_NAME = AccentColor;
				CODE_SIGN_STYLE = Automatic;
				CURRENT_PROJECT_VERSION = 1;
				DEVELOPMENT_TEAM = LLR687MPNJ;
				GENERATE_INFOPLIST_FILE = YES;
				INFOPLIST_FILE = Weather/Info.plist;
				INFOPLIST_KEY_UIApplicationSupportsIndirectInputEvents = YES;
				INFOPLIST_KEY_UILaunchStoryboardName = LaunchScreen;
				INFOPLIST_KEY_UIMainStoryboardFile = Main;
				INFOPLIST_KEY_UISupportedInterfaceOrientations_iPad = "UIInterfaceOrientationPortrait UIInterfaceOrientationPortraitUpsideDown UIInterfaceOrientationLandscapeLeft UIInterfaceOrientationLandscapeRight";
				INFOPLIST_KEY_UISupportedInterfaceOrientations_iPhone = "UIInterfaceOrientationPortrait UIInterfaceOrientationLandscapeLeft UIInterfaceOrientationLandscapeRight";
				LD_RUNPATH_SEARCH_PATHS = (
					"$(inherited)",
					"@executable_path/Frameworks",
				);
				MARKETING_VERSION = 1.0;
				PRODUCT_BUNDLE_IDENTIFIER = "com.axel-stein.Weather";
				PRODUCT_NAME = "$(TARGET_NAME)";
				SWIFT_EMIT_LOC_STRINGS = YES;
				SWIFT_VERSION = 5.0;
				TARGETED_DEVICE_FAMILY = "1,2";
			};
			name = Release;
		};
/* End XCBuildConfiguration section */

/* Begin XCConfigurationList section */
		FABABCC028A995EC009BB4CD /* Build configuration list for PBXProject "Weather" */ = {
			isa = XCConfigurationList;
			buildConfigurations = (
				FABABCD728A995ED009BB4CD /* Debug */,
				FABABCD828A995ED009BB4CD /* Release */,
			);
			defaultConfigurationIsVisible = 0;
			defaultConfigurationName = Release;
		};
		FABABCD928A995ED009BB4CD /* Build configuration list for PBXNativeTarget "Weather" */ = {
			isa = XCConfigurationList;
			buildConfigurations = (
				FABABCDA28A995ED009BB4CD /* Debug */,
				FABABCDB28A995ED009BB4CD /* Release */,
			);
			defaultConfigurationIsVisible = 0;
			defaultConfigurationName = Release;
		};
/* End XCConfigurationList section */

/* Begin XCRemoteSwiftPackageReference section */
		FA8DD88828B28FBB003D72BB /* XCRemoteSwiftPackageReference "realm-swift" */ = {
			isa = XCRemoteSwiftPackageReference;
			repositoryURL = "https://github.com/realm/realm-swift.git";
			requirement = {
				branch = master;
				kind = branch;
			};
		};
/* End XCRemoteSwiftPackageReference section */

/* Begin XCSwiftPackageProductDependency section */
		FA8DD88928B28FBB003D72BB /* Realm */ = {
			isa = XCSwiftPackageProductDependency;
			package = FA8DD88828B28FBB003D72BB /* XCRemoteSwiftPackageReference "realm-swift" */;
			productName = Realm;
		};
		FA8DD88B28B28FBB003D72BB /* RealmSwift */ = {
			isa = XCSwiftPackageProductDependency;
			package = FA8DD88828B28FBB003D72BB /* XCRemoteSwiftPackageReference "realm-swift" */;
			productName = RealmSwift;
		};
/* End XCSwiftPackageProductDependency section */
	};
	rootObject = FABABCBD28A995EC009BB4CD /* Project object */;
}
